
Microsoft Visual Studio Solution File, Format Version 12.00
# Visual Studio Version 16
VisualStudioVersion = 16.0.30516.212
MinimumVisualStudioVersion = 10.0.40219.1
Project("{FAE04EC0-301F-11D3-BF4B-00C04F79EFBC}") = "TaskParallelLibraryExample", "TaskParallelLibraryExample\TaskParallelLibraryExample.csproj", "{D745D0A2-EEE3-4B90-9D77-5BE4C201509C}"
EndProject
Global
	GlobalSection(SolutionConfigurationPlatforms) = preSolution
		Debug|Any CPU = Debug|Any CPU
		Release|Any CPU = Release|Any CPU
	EndGlobalSection
	GlobalSection(ProjectConfigurationPlatforms) = postSolution
		{D745D0A2-EEE3-4B90-9D77-5BE4C201509C}.Debug|Any CPU.ActiveCfg = Debug|Any CPU
		{D745D0A2-EEE3-4B90-9D77-5BE4C201509C}.Debug|Any CPU.Build.0 = Debug|Any CPU
		{D745D0A2-EEE3-4B90-9D77-5BE4C201509C}.Release|Any CPU.ActiveCfg = Release|Any CPU
		{D745D0A2-EEE3-4B90-9D77-5BE4C201509C}.Release|Any CPU.Build.0 = Release|Any CPU
	EndGlobalSection
	GlobalSection(SolutionProperties) = preSolution
		HideSolutionNode = FALSE
	EndGlobalSection
	GlobalSection(ExtensibilityGlobals) = postSolution
		SolutionGuid = {08682BAF-6122-4331-A684-690BDDC454DF}
	EndGlobalSection
EndGlobal
